// !$*UTF8*$!
{
	archiveVersion = 1;
	classes = {
	};
	objectVersion = 50;
	objects = {

/* Begin PBXBuildFile section */
		EAD41C262A543DF300E10521 /* AppDelegate.swift in Sources */ = {isa = PBXBuildFile; fileRef = EAD41C252A543DF300E10521 /* AppDelegate.swift */; };
		EAD41C282A543DF300E10521 /* SceneDelegate.swift in Sources */ = {isa = PBXBuildFile; fileRef = EAD41C272A543DF300E10521 /* SceneDelegate.swift */; };
		EAD41C2A2A543DF300E10521 /* ViewController.swift in Sources */ = {isa = PBXBuildFile; fileRef = EAD41C292A543DF300E10521 /* ViewController.swift */; };
		EAD41C2D2A543DF300E10521 /* Main.storyboard in Resources */ = {isa = PBXBuildFile; fileRef = EAD41C2B2A543DF300E10521 /* Main.storyboard */; };
		EAD41C302A543DF300E10521 /* CoredataDemo.xcdatamodeld in Sources */ = {isa = PBXBuildFile; fileRef = EAD41C2E2A543DF300E10521 /* CoredataDemo.xcdatamodeld */; };
		EAD41C322A543DFD00E10521 /* Assets.xcassets in Resources */ = {isa = PBXBuildFile; fileRef = EAD41C312A543DFD00E10521 /* Assets.xcassets */; };
		EAD41C352A543DFD00E10521 /* LaunchScreen.storyboard in Resources */ = {isa = PBXBuildFile; fileRef = EAD41C332A543DFD00E10521 /* LaunchScreen.storyboard */; };
		EAD41C402A543DFD00E10521 /* CoredataDemoTests.swift in Sources */ = {isa = PBXBuildFile; fileRef = EAD41C3F2A543DFD00E10521 /* CoredataDemoTests.swift */; };
		EAD41C4B2A543DFD00E10521 /* CoredataDemoUITests.swift in Sources */ = {isa = PBXBuildFile; fileRef = EAD41C4A2A543DFD00E10521 /* CoredataDemoUITests.swift */; };
/* End PBXBuildFile section */

/* Begin PBXContainerItemProxy section */
		EAD41C3C2A543DFD00E10521 /* PBXContainerItemProxy */ = {
			isa = PBXContainerItemProxy;
			containerPortal = EAD41C1A2A543DF300E10521 /* Project object */;
			proxyType = 1;
			remoteGlobalIDString = EAD41C212A543DF300E10521;
			remoteInfo = CoredataDemo;
		};
		EAD41C472A543DFD00E10521 /* PBXContainerItemProxy */ = {
			isa = PBXContainerItemProxy;
			containerPortal = EAD41C1A2A543DF300E10521 /* Project object */;
			proxyType = 1;
			remoteGlobalIDString = EAD41C212A543DF300E10521;
			remoteInfo = CoredataDemo;
		};
/* End PBXContainerItemProxy section */

/* Begin PBXFileReference section */
		EAD41C222A543DF300E10521 /* CoredataDemo.app */ = {isa = PBXFileReference; explicitFileType = wrapper.application; includeInIndex = 0; path = CoredataDemo.app; sourceTree = BUILT_PRODUCTS_DIR; };
		EAD41C252A543DF300E10521 /* AppDelegate.swift */ = {isa = PBXFileReference; lastKnownFileType = sourcecode.swift; path = AppDelegate.swift; sourceTree = "<group>"; };
		EAD41C272A543DF300E10521 /* SceneDelegate.swift */ = {isa = PBXFileReference; lastKnownFileType = sourcecode.swift; path = SceneDelegate.swift; sourceTree = "<group>"; };
		EAD41C292A543DF300E10521 /* ViewController.swift */ = {isa = PBXFileReference; lastKnownFileType = sourcecode.swift; path = ViewController.swift; sourceTree = "<group>"; };
		EAD41C2C2A543DF300E10521 /* Base */ = {isa = PBXFileReference; lastKnownFileType = file.storyboard; name = Base; path = Base.lproj/Main.storyboard; sourceTree = "<group>"; };
		EAD41C2F2A543DF300E10521 /* CoredataDemo.xcdatamodel */ = {isa = PBXFileReference; lastKnownFileType = wrapper.xcdatamodel; path = CoredataDemo.xcdatamodel; sourceTree = "<group>"; };
		EAD41C312A543DFD00E10521 /* Assets.xcassets */ = {isa = PBXFileReference; lastKnownFileType = folder.assetcatalog; path = Assets.xcassets; sourceTree = "<group>"; };
		EAD41C342A543DFD00E10521 /* Base */ = {isa = PBXFileReference; lastKnownFileType = file.storyboard; name = Base; path = Base.lproj/LaunchScreen.storyboard; sourceTree = "<group>"; };
		EAD41C362A543DFD00E10521 /* Info.plist */ = {isa = PBXFileReference; lastKnownFileType = text.plist.xml; path = Info.plist; sourceTree = "<group>"; };
		EAD41C3B2A543DFD00E10521 /* CoredataDemoTests.xctest */ = {isa = PBXFileReference; explicitFileType = wrapper.cfbundle; includeInIndex = 0; path = CoredataDemoTests.xctest; sourceTree = BUILT_PRODUCTS_DIR; };
		EAD41C3F2A543DFD00E10521 /* CoredataDemoTests.swift */ = {isa = PBXFileReference; lastKnownFileType = sourcecode.swift; path = CoredataDemoTests.swift; sourceTree = "<group>"; };
		EAD41C412A543DFD00E10521 /* Info.plist */ = {isa = PBXFileReference; lastKnownFileType = text.plist.xml; path = Info.plist; sourceTree = "<group>"; };
		EAD41C462A543DFD00E10521 /* CoredataDemoUITests.xctest */ = {isa = PBXFileReference; explicitFileType = wrapper.cfbundle; includeInIndex = 0; path = CoredataDemoUITests.xctest; sourceTree = BUILT_PRODUCTS_DIR; };
		EAD41C4A2A543DFD00E10521 /* CoredataDemoUITests.swift */ = {isa = PBXFileReference; lastKnownFileType = sourcecode.swift; path = CoredataDemoUITests.swift; sourceTree = "<group>"; };
		EAD41C4C2A543DFD00E10521 /* Info.plist */ = {isa = PBXFileReference; lastKnownFileType = text.plist.xml; path = Info.plist; sourceTree = "<group>"; };
/* End PBXFileReference section */

/* Begin PBXFrameworksBuildPhase section */
		EAD41C1F2A543DF300E10521 /* Frameworks */ = {
			isa = PBXFrameworksBuildPhase;
			buildActionMask = 2147483647;
			files = (
			);
			runOnlyForDeploymentPostprocessing = 0;
		};
		EAD41C382A543DFD00E10521 /* Frameworks */ = {
			isa = PBXFrameworksBuildPhase;
			buildActionMask = 2147483647;
			files = (
			);
			runOnlyForDeploymentPostprocessing = 0;
		};
		EAD41C432A543DFD00E10521 /* Frameworks */ = {
			isa = PBXFrameworksBuildPhase;
			buildActionMask = 2147483647;
			files = (
			);
			runOnlyForDeploymentPostprocessing = 0;
		};
/* End PBXFrameworksBuildPhase section */

/* Begin PBXGroup section */
		EAD41C192A543DF300E10521 = {
			isa = PBXGroup;
			children = (
				EAD41C242A543DF300E10521 /* CoredataDemo */,
				EAD41C3E2A543DFD00E10521 /* CoredataDemoTests */,
				EAD41C492A543DFD00E10521 /* CoredataDemoUITests */,
				EAD41C232A543DF300E10521 /* Products */,
			);
			sourceTree = "<group>";
		};
		EAD41C232A543DF300E10521 /* Products */ = {
			isa = PBXGroup;
			children = (
				EAD41C222A543DF300E10521 /* CoredataDemo.app */,
				EAD41C3B2A543DFD00E10521 /* CoredataDemoTests.xctest */,
				EAD41C462A543DFD00E10521 /* CoredataDemoUITests.xctest */,
			);
			name = Products;
			sourceTree = "<group>";
		};
		EAD41C242A543DF300E10521 /* CoredataDemo */ = {
			isa = PBXGroup;
			children = (
				EAD41C252A543DF300E10521 /* AppDelegate.swift */,
				EAD41C272A543DF300E10521 /* SceneDelegate.swift */,
				EAD41C292A543DF300E10521 /* ViewController.swift */,
				EAD41C2B2A543DF300E10521 /* Main.storyboard */,
				EAD41C312A543DFD00E10521 /* Assets.xcassets */,
				EAD41C332A543DFD00E10521 /* LaunchScreen.storyboard */,
				EAD41C362A543DFD00E10521 /* Info.plist */,
				EAD41C2E2A543DF300E10521 /* CoredataDemo.xcdatamodeld */,
			);
			path = CoredataDemo;
			sourceTree = "<group>";
		};
		EAD41C3E2A543DFD00E10521 /* CoredataDemoTests */ = {
			isa = PBXGroup;
			children = (
				EAD41C3F2A543DFD00E10521 /* CoredataDemoTests.swift */,
				EAD41C412A543DFD00E10521 /* Info.plist */,
			);
			path = CoredataDemoTests;
			sourceTree = "<group>";
		};
		EAD41C492A543DFD00E10521 /* CoredataDemoUITests */ = {
			isa = PBXGroup;
			children = (
				EAD41C4A2A543DFD00E10521 /* CoredataDemoUITests.swift */,
				EAD41C4C2A543DFD00E10521 /* Info.plist */,
			);
			path = CoredataDemoUITests;
			sourceTree = "<group>";
		};
/* End PBXGroup section */

/* Begin PBXNativeTarget section */
		EAD41C212A543DF300E10521 /* CoredataDemo */ = {
			isa = PBXNativeTarget;
			buildConfigurationList = EAD41C4F2A543DFD00E10521 /* Build configuration list for PBXNativeTarget "CoredataDemo" */;
			buildPhases = (
				EAD41C1E2A543DF300E10521 /* Sources */,
				EAD41C1F2A543DF300E10521 /* Frameworks */,
				EAD41C202A543DF300E10521 /* Resources */,
			);
			buildRules = (
			);
			dependencies = (
			);
			name = CoredataDemo;
			productName = CoredataDemo;
			productReference = EAD41C222A543DF300E10521 /* CoredataDemo.app */;
			productType = "com.apple.product-type.application";
		};
		EAD41C3A2A543DFD00E10521 /* CoredataDemoTests */ = {
			isa = PBXNativeTarget;
			buildConfigurationList = EAD41C522A543DFD00E10521 /* Build configuration list for PBXNativeTarget "CoredataDemoTests" */;
			buildPhases = (
				EAD41C372A543DFD00E10521 /* Sources */,
				EAD41C382A543DFD00E10521 /* Frameworks */,
				EAD41C392A543DFD00E10521 /* Resources */,
			);
			buildRules = (
			);
			dependencies = (
				EAD41C3D2A543DFD00E10521 /* PBXTargetDependency */,
			);
			name = CoredataDemoTests;
			productName = CoredataDemoTests;
			productReference = EAD41C3B2A543DFD00E10521 /* CoredataDemoTests.xctest */;
			productType = "com.apple.product-type.bundle.unit-test";
		};
		EAD41C452A543DFD00E10521 /* CoredataDemoUITests */ = {
			isa = PBXNativeTarget;
			buildConfigurationList = EAD41C552A543DFD00E10521 /* Build configuration list for PBXNativeTarget "CoredataDemoUITests" */;
			buildPhases = (
				EAD41C422A543DFD00E10521 /* Sources */,
				EAD41C432A543DFD00E10521 /* Frameworks */,
				EAD41C442A543DFD00E10521 /* Resources */,
			);
			buildRules = (
			);
			dependencies = (
				EAD41C482A543DFD00E10521 /* PBXTargetDependency */,
			);
			name = CoredataDemoUITests;
			productName = CoredataDemoUITests;
			productReference = EAD41C462A543DFD00E10521 /* CoredataDemoUITests.xctest */;
			productType = "com.apple.product-type.bundle.ui-testing";
		};
/* End PBXNativeTarget section */

/* Begin PBXProject section */
		EAD41C1A2A543DF300E10521 /* Project object */ = {
			isa = PBXProject;
			attributes = {
				LastSwiftUpdateCheck = 1240;
				LastUpgradeCheck = 1240;
				TargetAttributes = {
					EAD41C212A543DF300E10521 = {
						CreatedOnToolsVersion = 12.4;
					};
					EAD41C3A2A543DFD00E10521 = {
						CreatedOnToolsVersion = 12.4;
						TestTargetID = EAD41C212A543DF300E10521;
					};
					EAD41C452A543DFD00E10521 = {
						CreatedOnToolsVersion = 12.4;
						TestTargetID = EAD41C212A543DF300E10521;
					};
				};
			};
			buildConfigurationList = EAD41C1D2A543DF300E10521 /* Build configuration list for PBXProject "CoredataDemo" */;
			compatibilityVersion = "Xcode 9.3";
			developmentRegion = en;
			hasScannedForEncodings = 0;
			knownRegions = (
				en,
				Base,
			);
			mainGroup = EAD41C192A543DF300E10521;
			productRefGroup = EAD41C232A543DF300E10521 /* Products */;
			projectDirPath = "";
			projectRoot = "";
			targets = (
				EAD41C212A543DF300E10521 /* CoredataDemo */,
				EAD41C3A2A543DFD00E10521 /* CoredataDemoTests */,
				EAD41C452A543DFD00E10521 /* CoredataDemoUITests */,
			);
		};
/* End PBXProject section */

/* Begin PBXResourcesBuildPhase section */
		EAD41C202A543DF300E10521 /* Resources */ = {
			isa = PBXResourcesBuildPhase;
			buildActionMask = 2147483647;
			files = (
				EAD41C352A543DFD00E10521 /* LaunchScreen.storyboard in Resources */,
				EAD41C322A543DFD00E10521 /* Assets.xcassets in Resources */,
				EAD41C2D2A543DF300E10521 /* Main.storyboard in Resources */,
			);
			runOnlyForDeploymentPostprocessing = 0;
		};
		EAD41C392A543DFD00E10521 /* Resources */ = {
			isa = PBXResourcesBuildPhase;
			buildActionMask = 2147483647;
			files = (
			);
			runOnlyForDeploymentPostprocessing = 0;
		};
		EAD41C442A543DFD00E10521 /* Resources */ = {
			isa = PBXResourcesBuildPhase;
			buildActionMask = 2147483647;
			files = (
			);
			runOnlyForDeploymentPostprocessing = 0;
		};
/* End PBXResourcesBuildPhase section */

/* Begin PBXSourcesBuildPhase section */
		EAD41C1E2A543DF300E10521 /* Sources */ = {
			isa = PBXSourcesBuildPhase;
			buildActionMask = 2147483647;
			files = (
				EAD41C2A2A543DF300E10521 /* ViewController.swift in Sources */,
				EAD41C302A543DF300E10521 /* CoredataDemo.xcdatamodeld in Sources */,
				EAD41C262A543DF300E10521 /* AppDelegate.swift in Sources */,
				EAD41C282A543DF300E10521 /* SceneDelegate.swift in Sources */,
			);
			runOnlyForDeploymentPostprocessing = 0;
		};
		EAD41C372A543DFD00E10521 /* Sources */ = {
			isa = PBXSourcesBuildPhase;
			buildActionMask = 2147483647;
			files = (
				EAD41C402A543DFD00E10521 /* CoredataDemoTests.swift in Sources */,
			);
			runOnlyForDeploymentPostprocessing = 0;
		};
		EAD41C422A543DFD00E10521 /* Sources */ = {
			isa = PBXSourcesBuildPhase;
			buildActionMask = 2147483647;
			files = (
				EAD41C4B2A543DFD00E10521 /* CoredataDemoUITests.swift in Sources */,
			);
			runOnlyForDeploymentPostprocessing = 0;
		};
/* End PBXSourcesBuildPhase section */

/* Begin PBXTargetDependency section */
		EAD41C3D2A543DFD00E10521 /* PBXTargetDependency */ = {
			isa = PBXTargetDependency;
			target = EAD41C212A543DF300E10521 /* CoredataDemo */;
			targetProxy = EAD41C3C2A543DFD00E10521 /* PBXContainerItemProxy */;
		};
		EAD41C482A543DFD00E10521 /* PBXTargetDependency */ = {
			isa = PBXTargetDependency;
			target = EAD41C212A543DF300E10521 /* CoredataDemo */;
			targetProxy = EAD41C472A543DFD00E10521 /* PBXContainerItemProxy */;
		};
/* End PBXTargetDependency section */

/* Begin PBXVariantGroup section */
		EAD41C2B2A543DF300E10521 /* Main.storyboard */ = {
			isa = PBXVariantGroup;
			children = (
				EAD41C2C2A543DF300E10521 /* Base */,
			);
			name = Main.storyboard;
			sourceTree = "<group>";
		};
		EAD41C332A543DFD00E10521 /* LaunchScreen.storyboard */ = {
			isa = PBXVariantGroup;
			children = (
				EAD41C342A543DFD00E10521 /* Base */,
			);
			name = LaunchScreen.storyboard;
			sourceTree = "<group>";
		};
/* End PBXVariantGroup section */

/* Begin XCBuildConfiguration section */
		EAD41C4D2A543DFD00E10521 /* Debug */ = {
			isa = XCBuildConfiguration;
			buildSettings = {
				ALWAYS_SEARCH_USER_PATHS = NO;
				CLANG_ANALYZER_NONNULL = YES;
				CLANG_ANALYZER_NUMBER_OBJECT_CONVERSION = YES_AGGRESSIVE;
				CLANG_CXX_LANGUAGE_STANDARD = "gnu++14";
				CLANG_CXX_LIBRARY = "libc++";
				CLANG_ENABLE_MODULES = YES;
				CLANG_ENABLE_OBJC_ARC = YES;
				CLANG_ENABLE_OBJC_WEAK = YES;
				CLANG_WARN_BLOCK_CAPTURE_AUTORELEASING = YES;
				CLANG_WARN_BOOL_CONVERSION = YES;
				CLANG_WARN_COMMA = YES;
				CLANG_WARN_CONSTANT_CONVERSION = YES;
				CLANG_WARN_DEPRECATED_OBJC_IMPLEMENTATIONS = YES;
				CLANG_WARN_DIRECT_OBJC_ISA_USAGE = YES_ERROR;
				CLANG_WARN_DOCUMENTATION_COMMENTS = YES;
				CLANG_WARN_EMPTY_BODY = YES;
				CLANG_WARN_ENUM_CONVERSION = YES;
				CLANG_WARN_INFINITE_RECURSION = YES;
				CLANG_WARN_INT_CONVERSION = YES;
				CLANG_WARN_NON_LITERAL_NULL_CONVERSION = YES;
				CLANG_WARN_OBJC_IMPLICIT_RETAIN_SELF = YES;
				CLANG_WARN_OBJC_LITERAL_CONVERSION = YES;
				CLANG_WARN_OBJC_ROOT_CLASS = YES_ERROR;
				CLANG_WARN_QUOTED_INCLUDE_IN_FRAMEWORK_HEADER = YES;
				CLANG_WARN_RANGE_LOOP_ANALYSIS = YES;
				CLANG_WARN_STRICT_PROTOTYPES = YES;
				CLANG_WARN_SUSPICIOUS_MOVE = YES;
				CLANG_WARN_UNGUARDED_AVAILABILITY = YES_AGGRESSIVE;
				CLANG_WARN_UNREACHABLE_CODE = YES;
				CLANG_WARN__DUPLICATE_METHOD_MATCH = YES;
				COPY_PHASE_STRIP = NO;
				DEBUG_INFORMATION_FORMAT = dwarf;
				ENABLE_STRICT_OBJC_MSGSEND = YES;
				ENABLE_TESTABILITY = YES;
				GCC_C_LANGUAGE_STANDARD = gnu11;
				GCC_DYNAMIC_NO_PIC = NO;
				GCC_NO_COMMON_BLOCKS = YES;
				GCC_OPTIMIZATION_LEVEL = 0;
				GCC_PREPROCESSOR_DEFINITIONS = (
					"DEBUG=1",
					"$(inherited)",
				);
				GCC_WARN_64_TO_32_BIT_CONVERSION = YES;
				GCC_WARN_ABOUT_RETURN_TYPE = YES_ERROR;
				GCC_WARN_UNDECLARED_SELECTOR = YES;
				GCC_WARN_UNINITIALIZED_AUTOS = YES_AGGRESSIVE;
				GCC_WARN_UNUSED_FUNCTION = YES;
				GCC_WARN_UNUSED_VARIABLE = YES;
				IPHONEOS_DEPLOYMENT_TARGET = 14.4;
				MTL_ENABLE_DEBUG_INFO = INCLUDE_SOURCE;
				MTL_FAST_MATH = YES;
				ONLY_ACTIVE_ARCH = YES;
				SDKROOT = iphoneos;
				SWIFT_ACTIVE_COMPILATION_CONDITIONS = DEBUG;
				SWIFT_OPTIMIZATION_LEVEL = "-Onone";
			};
			name = Debug;
		};
		EAD41C4E2A543DFD00E10521 /* Release */ = {
			isa = XCBuildConfiguration;
			buildSettings = {
				ALWAYS_SEARCH_USER_PATHS = NO;
				CLANG_ANALYZER_NONNULL = YES;
				CLANG_ANALYZER_NUMBER_OBJECT_CONVERSION = YES_AGGRESSIVE;
				CLANG_CXX_LANGUAGE_STANDARD = "gnu++14";
				CLANG_CXX_LIBRARY = "libc++";
				CLANG_ENABLE_MODULES = YES;
				CLANG_ENABLE_OBJC_ARC = YES;
				CLANG_ENABLE_OBJC_WEAK = YES;
				CLANG_WARN_BLOCK_CAPTURE_AUTORELEASING = YES;
				CLANG_WARN_BOOL_CONVERSION = YES;
				CLANG_WARN_COMMA = YES;
				CLANG_WARN_CONSTANT_CONVERSION = YES;
				CLANG_WARN_DEPRECATED_OBJC_IMPLEMENTATIONS = YES;
				CLANG_WARN_DIRECT_OBJC_ISA_USAGE = YES_ERROR;
				CLANG_WARN_DOCUMENTATION_COMMENTS = YES;
				CLANG_WARN_EMPTY_BODY = YES;
				CLANG_WARN_ENUM_CONVERSION = YES;
				CLANG_WARN_INFINITE_RECURSION = YES;
				CLANG_WARN_INT_CONVERSION = YES;
				CLANG_WARN_NON_LITERAL_NULL_CONVERSION = YES;
				CLANG_WARN_OBJC_IMPLICIT_RETAIN_SELF = YES;
				CLANG_WARN_OBJC_LITERAL_CONVERSION = YES;
				CLANG_WARN_OBJC_ROOT_CLASS = YES_ERROR;
				CLANG_WARN_QUOTED_INCLUDE_IN_FRAMEWORK_HEADER = YES;
				CLANG_WARN_RANGE_LOOP_ANALYSIS = YES;
				CLANG_WARN_STRICT_PROTOTYPES = YES;
				CLANG_WARN_SUSPICIOUS_MOVE = YES;
				CLANG_WARN_UNGUARDED_AVAILABILITY = YES_AGGRESSIVE;
				CLANG_WARN_UNREACHABLE_CODE = YES;
				CLANG_WARN__DUPLICATE_METHOD_MATCH = YES;
				COPY_PHASE_STRIP = NO;
				DEBUG_INFORMATION_FORMAT = "dwarf-with-dsym";
				ENABLE_NS_ASSERTIONS = NO;
				ENABLE_STRICT_OBJC_MSGSEND = YES;
				GCC_C_LANGUAGE_STANDARD = gnu11;
				GCC_NO_COMMON_BLOCKS = YES;
				GCC_WARN_64_TO_32_BIT_CONVERSION = YES;
				GCC_WARN_ABOUT_RETURN_TYPE = YES_ERROR;
				GCC_WARN_UNDECLARED_SELECTOR = YES;
				GCC_WARN_UNINITIALIZED_AUTOS = YES_AGGRESSIVE;
				GCC_WARN_UNUSED_FUNCTION = YES;
				GCC_WARN_UNUSED_VARIABLE = YES;
				IPHONEOS_DEPLOYMENT_TARGET = 14.4;
				MTL_ENABLE_DEBUG_INFO = NO;
				MTL_FAST_MATH = YES;
				SDKROOT = iphoneos;
				SWIFT_COMPILATION_MODE = wholemodule;
				SWIFT_OPTIMIZATION_LEVEL = "-O";
				VALIDATE_PRODUCT = YES;
			};
			name = Release;
		};
		EAD41C502A543DFD00E10521 /* Debug */ = {
			isa = XCBuildConfiguration;
			buildSettings = {
				ASSETCATALOG_COMPILER_APPICON_NAME = AppIcon;
				ASSETCATALOG_COMPILER_GLOBAL_ACCENT_COLOR_NAME = AccentColor;
				CODE_SIGN_STYLE = Automatic;
				DEVELOPMENT_TEAM = VG2S98FFS9;
				INFOPLIST_FILE = CoredataDemo/Info.plist;
				LD_RUNPATH_SEARCH_PATHS = (
					"$(inherited)",
					"@executable_path/Frameworks",
				);
				PRODUCT_BUNDLE_IDENTIFIER = com.shivakumarpgk.CoredataDemo;
				PRODUCT_NAME = "$(TARGET_NAME)";
				SWIFT_VERSION = 5.0;
				TARGETED_DEVICE_FAMILY = "1,2";
			};
			name = Debug;
		};
		EAD41C512A543DFD00E10521 /* Release */ = {
			isa = XCBuildConfiguration;
			buildSettings = {
				ASSETCATALOG_COMPILER_APPICON_NAME = AppIcon;
				ASSETCATALOG_COMPILER_GLOBAL_ACCENT_COLOR_NAME = AccentColor;
				CODE_SIGN_STYLE = Automatic;
				DEVELOPMENT_TEAM = VG2S98FFS9;
				INFOPLIST_FILE = CoredataDemo/Info.plist;
				LD_RUNPATH_SEARCH_PATHS = (
					"$(inherited)",
					"@executable_path/Frameworks",
				);
				PRODUCT_BUNDLE_IDENTIFIER = com.shivakumarpgk.CoredataDemo;
				PRODUCT_NAME = "$(TARGET_NAME)";
				SWIFT_VERSION = 5.0;
				TARGETED_DEVICE_FAMILY = "1,2";
			};
			name = Release;
		};
		EAD41C532A543DFD00E10521 /* Debug */ = {
			isa = XCBuildConfiguration;
			buildSettings = {
				ALWAYS_EMBED_SWIFT_STANDARD_LIBRARIES = YES;
				BUNDLE_LOADER = "$(TEST_HOST)";
				CODE_SIGN_STYLE = Automatic;
				DEVELOPMENT_TEAM = VG2S98FFS9;
				INFOPLIST_FILE = CoredataDemoTests/Info.plist;
				IPHONEOS_DEPLOYMENT_TARGET = 14.4;
				LD_RUNPATH_SEARCH_PATHS = (
					"$(inherited)",
					"@executable_path/Frameworks",
					"@loader_path/Frameworks",
				);
				PRODUCT_BUNDLE_IDENTIFIER = com.shivakumarpgk.CoredataDemoTests;
				PRODUCT_NAME = "$(TARGET_NAME)";
				SWIFT_VERSION = 5.0;
				TARGETED_DEVICE_FAMILY = "1,2";
				TEST_HOST = "$(BUILT_PRODUCTS_DIR)/CoredataDemo.app/CoredataDemo";
			};
			name = Debug;
		};
		EAD41C542A543DFD00E10521 /* Release */ = {
			isa = XCBuildConfiguration;
			buildSettings = {
				ALWAYS_EMBED_SWIFT_STANDARD_LIBRARIES = YES;
				BUNDLE_LOADER = "$(TEST_HOST)";
				CODE_SIGN_STYLE = Automatic;
				DEVELOPMENT_TEAM = VG2S98FFS9;
				INFOPLIST_FILE = CoredataDemoTests/Info.plist;
				IPHONEOS_DEPLOYMENT_TARGET = 14.4;
				LD_RUNPATH_SEARCH_PATHS = (
					"$(inherited)",
					"@executable_path/Frameworks",
					"@loader_path/Frameworks",
				);
				PRODUCT_BUNDLE_IDENTIFIER = com.shivakumarpgk.CoredataDemoTests;
				PRODUCT_NAME = "$(TARGET_NAME)";
				SWIFT_VERSION = 5.0;
				TARGETED_DEVICE_FAMILY = "1,2";
				TEST_HOST = "$(BUILT_PRODUCTS_DIR)/CoredataDemo.app/CoredataDemo";
			};
			name = Release;
		};
		EAD41C562A543DFD00E10521 /* Debug */ = {
			isa = XCBuildConfiguration;
			buildSettings = {
				ALWAYS_EMBED_SWIFT_STANDARD_LIBRARIES = YES;
				CODE_SIGN_STYLE = Automatic;
				DEVELOPMENT_TEAM = VG2S98FFS9;
				INFOPLIST_FILE = CoredataDemoUITests/Info.plist;
				LD_RUNPATH_SEARCH_PATHS = (
					"$(inherited)",
					"@executable_path/Frameworks",
					"@loader_path/Frameworks",
				);
				PRODUCT_BUNDLE_IDENTIFIER = com.shivakumarpgk.CoredataDemoUITests;
				PRODUCT_NAME = "$(TARGET_NAME)";
				SWIFT_VERSION = 5.0;
				TARGETED_DEVICE_FAMILY = "1,2";
				TEST_TARGET_NAME = CoredataDemo;
			};
			name = Debug;
		};
		EAD41C572A543DFD00E10521 /* Release */ = {
			isa = XCBuildConfiguration;
			buildSettings = {
				ALWAYS_EMBED_SWIFT_STANDARD_LIBRARIES = YES;
				CODE_SIGN_STYLE = Automatic;
				DEVELOPMENT_TEAM = VG2S98FFS9;
				INFOPLIST_FILE = CoredataDemoUITests/Info.plist;
				LD_RUNPATH_SEARCH_PATHS = (
					"$(inherited)",
					"@executable_path/Frameworks",
					"@loader_path/Frameworks",
				);
				PRODUCT_BUNDLE_IDENTIFIER = com.shivakumarpgk.CoredataDemoUITests;
				PRODUCT_NAME = "$(TARGET_NAME)";
				SWIFT_VERSION = 5.0;
				TARGETED_DEVICE_FAMILY = "1,2";
				TEST_TARGET_NAME = CoredataDemo;
			};
			name = Release;
		};
/* End XCBuildConfiguration section */

/* Begin XCConfigurationList section */
		EAD41C1D2A543DF300E10521 /* Build configuration list for PBXProject "CoredataDemo" */ = {
			isa = XCConfigurationList;
			buildConfigurations = (
				EAD41C4D2A543DFD00E10521 /* Debug */,
				EAD41C4E2A543DFD00E10521 /* Release */,
			);
			defaultConfigurationIsVisible = 0;
			defaultConfigurationName = Release;
		};
		EAD41C4F2A543DFD00E10521 /* Build configuration list for PBXNativeTarget "CoredataDemo" */ = {
			isa = XCConfigurationList;
			buildConfigurations = (
				EAD41C502A543DFD00E10521 /* Debug */,
				EAD41C512A543DFD00E10521 /* Release */,
			);
			defaultConfigurationIsVisible = 0;
			defaultConfigurationName = Release;
		};
		EAD41C522A543DFD00E10521 /* Build configuration list for PBXNativeTarget "CoredataDemoTests" */ = {
			isa = XCConfigurationList;
			buildConfigurations = (
				EAD41C532A543DFD00E10521 /* Debug */,
				EAD41C542A543DFD00E10521 /* Release */,
			);
			defaultConfigurationIsVisible = 0;
			defaultConfigurationName = Release;
		};
		EAD41C552A543DFD00E10521 /* Build configuration list for PBXNativeTarget "CoredataDemoUITests" */ = {
			isa = XCConfigurationList;
			buildConfigurations = (
				EAD41C562A543DFD00E10521 /* Debug */,
				EAD41C572A543DFD00E10521 /* Release */,
			);
			defaultConfigurationIsVisible = 0;
			defaultConfigurationName = Release;
		};
/* End XCConfigurationList section */

/* Begin XCVersionGroup section */
		EAD41C2E2A543DF300E10521 /* CoredataDemo.xcdatamodeld */ = {
			isa = XCVersionGroup;
			children = (
				EAD41C2F2A543DF300E10521 /* CoredataDemo.xcdatamodel */,
			);
			currentVersion = EAD41C2F2A543DF300E10521 /* CoredataDemo.xcdatamodel */;
			path = CoredataDemo.xcdatamodeld;
			sourceTree = "<group>";
			versionGroupType = wrapper.xcdatamodel;
		};
/* End XCVersionGroup section */
	};
	rootObject = EAD41C1A2A543DF300E10521 /* Project object */;
}
